
Microsoft Visual Studio Solution File, Format Version 10.00
# Visual Studio 2008
Project("{8BC9CEB8-8B4A-11D0-8D11-00A0C91BC942}") = "SServerEngine08", "SServerEngine\SServerEngine08.vcproj", "{A556ED4D-47F8-4D02-9F73-D3A334195D92}"
EndProject
Global
	GlobalSection(SolutionConfigurationPlatforms) = preSolution
		Debug|Win32 = Debug|Win32
		Release|Win32 = Release|Win32
		StaticDebug|Win32 = StaticDebug|Win32
		StaticRelease|Win32 = StaticRelease|Win32
	EndGlobalSection
	GlobalSection(ProjectConfigurationPlatforms) = postSolution
		{A556ED4D-47F8-4D02-9F73-D3A334195D92}.Debug|Win32.ActiveCfg = Debug|Win32
		{A556ED4D-47F8-4D02-9F73-D3A334195D92}.Debug|Win32.Build.0 = Debug|Win32
		{A556ED4D-47F8-4D02-9F73-D3A334195D92}.Release|Win32.ActiveCfg = Release|Win32
		{A556ED4D-47F8-4D02-9F73-D3A334195D92}.Release|Win32.Build.0 = Release|Win32
		{A556ED4D-47F8-4D02-9F73-D3A334195D92}.StaticDebug|Win32.ActiveCfg = StaticDebug|Win32
		{A556ED4D-47F8-4D02-9F73-D3A334195D92}.StaticDebug|Win32.Build.0 = StaticDebug|Win32
		{A556ED4D-47F8-4D02-9F73-D3A334195D92}.StaticRelease|Win32.ActiveCfg = StaticRelease|Win32
		{A556ED4D-47F8-4D02-9F73-D3A334195D92}.StaticRelease|Win32.Build.0 = StaticRelease|Win32
	EndGlobalSection
	GlobalSection(SolutionProperties) = preSolution
		HideSolutionNode = FALSE
	EndGlobalSection
EndGlobal
